// !$*UTF8*$!
{
	archiveVersion = 1;
	classes = {
	};
	objectVersion = 50;
	objects = {

/* Begin PBXBuildFile section */
		F8AF1CCA26116704003054B8 /* AppDelegate.swift in Sources */ = {isa = PBXBuildFile; fileRef = F8AF1CC926116704003054B8 /* AppDelegate.swift */; };
		F8AF1CCC26116704003054B8 /* SceneDelegate.swift in Sources */ = {isa = PBXBuildFile; fileRef = F8AF1CCB26116704003054B8 /* SceneDelegate.swift */; };
		F8AF1CCE26116704003054B8 /* ViewController.swift in Sources */ = {isa = PBXBuildFile; fileRef = F8AF1CCD26116704003054B8 /* ViewController.swift */; };
		F8AF1CD126116704003054B8 /* Main.storyboard in Resources */ = {isa = PBXBuildFile; fileRef = F8AF1CCF26116704003054B8 /* Main.storyboard */; };
		F8AF1CD326116705003054B8 /* Assets.xcassets in Resources */ = {isa = PBXBuildFile; fileRef = F8AF1CD226116705003054B8 /* Assets.xcassets */; };
		F8AF1CD626116705003054B8 /* LaunchScreen.storyboard in Resources */ = {isa = PBXBuildFile; fileRef = F8AF1CD426116705003054B8 /* LaunchScreen.storyboard */; };

		F8AF1CEF26117425003054B8 /* ExampleView.swift in Sources */ = {isa = PBXBuildFile; fileRef = F8AF1CEE26117425003054B8 /* ExampleView.swift */; };

		F8AF1CEA261171B1003054B8 /* Person.swift in Sources */ = {isa = PBXBuildFile; fileRef = F8AF1CE9261171B1003054B8 /* Person.swift */; };

/* End PBXBuildFile section */

/* Begin PBXFileReference section */
		F8AF1CC626116704003054B8 /* MVCPatternTutorial-iOS.app */ = {isa = PBXFileReference; explicitFileType = wrapper.application; includeInIndex = 0; path = "MVCPatternTutorial-iOS.app"; sourceTree = BUILT_PRODUCTS_DIR; };
		F8AF1CC926116704003054B8 /* AppDelegate.swift */ = {isa = PBXFileReference; lastKnownFileType = sourcecode.swift; path = AppDelegate.swift; sourceTree = "<group>"; };
		F8AF1CCB26116704003054B8 /* SceneDelegate.swift */ = {isa = PBXFileReference; lastKnownFileType = sourcecode.swift; path = SceneDelegate.swift; sourceTree = "<group>"; };
		F8AF1CCD26116704003054B8 /* ViewController.swift */ = {isa = PBXFileReference; lastKnownFileType = sourcecode.swift; path = ViewController.swift; sourceTree = "<group>"; };
		F8AF1CD026116704003054B8 /* Base */ = {isa = PBXFileReference; lastKnownFileType = file.storyboard; name = Base; path = Base.lproj/Main.storyboard; sourceTree = "<group>"; };
		F8AF1CD226116705003054B8 /* Assets.xcassets */ = {isa = PBXFileReference; lastKnownFileType = folder.assetcatalog; path = Assets.xcassets; sourceTree = "<group>"; };
		F8AF1CD526116705003054B8 /* Base */ = {isa = PBXFileReference; lastKnownFileType = file.storyboard; name = Base; path = Base.lproj/LaunchScreen.storyboard; sourceTree = "<group>"; };
		F8AF1CD726116705003054B8 /* Info.plist */ = {isa = PBXFileReference; lastKnownFileType = text.plist.xml; path = Info.plist; sourceTree = "<group>"; };

		F8AF1CEE26117425003054B8 /* ExampleView.swift */ = {isa = PBXFileReference; lastKnownFileType = sourcecode.swift; path = ExampleView.swift; sourceTree = "<group>"; };

		F8AF1CE9261171B1003054B8 /* Person.swift */ = {isa = PBXFileReference; lastKnownFileType = sourcecode.swift; path = Person.swift; sourceTree = "<group>"; };

/* End PBXFileReference section */

/* Begin PBXFrameworksBuildPhase section */
		F8AF1CC326116704003054B8 /* Frameworks */ = {
			isa = PBXFrameworksBuildPhase;
			buildActionMask = 2147483647;
			files = (
			);
			runOnlyForDeploymentPostprocessing = 0;
		};
/* End PBXFrameworksBuildPhase section */

/* Begin PBXGroup section */
		F8AF1CBD26116704003054B8 = {
			isa = PBXGroup;
			children = (
				F8AF1CC826116704003054B8 /* MVCPatternTutorial-iOS */,
				F8AF1CC726116704003054B8 /* Products */,
			);
			sourceTree = "<group>";
		};
		F8AF1CC726116704003054B8 /* Products */ = {
			isa = PBXGroup;
			children = (
				F8AF1CC626116704003054B8 /* MVCPatternTutorial-iOS.app */,
			);
			name = Products;
			sourceTree = "<group>";
		};
		F8AF1CC826116704003054B8 /* MVCPatternTutorial-iOS */ = {
			isa = PBXGroup;
			children = (
				F8AF1CEC261171B6003054B8 /* Model */,
				F8AF1CC926116704003054B8 /* AppDelegate.swift */,
				F8AF1CCB26116704003054B8 /* SceneDelegate.swift */,
				F8AF1CCD26116704003054B8 /* ViewController.swift */,
				F8AF1CCF26116704003054B8 /* Main.storyboard */,
				F8AF1CD226116705003054B8 /* Assets.xcassets */,
				F8AF1CD426116705003054B8 /* LaunchScreen.storyboard */,
				F8AF1CD726116705003054B8 /* Info.plist */,
				F8AF1CEE26117425003054B8 /* ExampleView.swift */,
			);
			path = "MVCPatternTutorial-iOS";
			sourceTree = "<group>";
		};
		F8AF1CEC261171B6003054B8 /* Model */ = {
			isa = PBXGroup;
			children = (
				F8AF1CE9261171B1003054B8 /* Person.swift */,
			);
			path = Model;
			sourceTree = "<group>";
		};
/* End PBXGroup section */

/* Begin PBXNativeTarget section */
		F8AF1CC526116704003054B8 /* MVCPatternTutorial-iOS */ = {
			isa = PBXNativeTarget;
			buildConfigurationList = F8AF1CDA26116705003054B8 /* Build configuration list for PBXNativeTarget "MVCPatternTutorial-iOS" */;
			buildPhases = (
				F8AF1CC226116704003054B8 /* Sources */,
				F8AF1CC326116704003054B8 /* Frameworks */,
				F8AF1CC426116704003054B8 /* Resources */,
			);
			buildRules = (
			);
			dependencies = (
			);
			name = "MVCPatternTutorial-iOS";
			productName = "MVCPatternTutorial-iOS";
			productReference = F8AF1CC626116704003054B8 /* MVCPatternTutorial-iOS.app */;
			productType = "com.apple.product-type.application";
		};
/* End PBXNativeTarget section */

/* Begin PBXProject section */
		F8AF1CBE26116704003054B8 /* Project object */ = {
			isa = PBXProject;
			attributes = {
				LastSwiftUpdateCheck = 1240;
				LastUpgradeCheck = 1240;
				TargetAttributes = {
					F8AF1CC526116704003054B8 = {
						CreatedOnToolsVersion = 12.4;
					};
				};
			};
			buildConfigurationList = F8AF1CC126116704003054B8 /* Build configuration list for PBXProject "MVCPatternTutorial-iOS" */;
			compatibilityVersion = "Xcode 9.3";
			developmentRegion = en;
			hasScannedForEncodings = 0;
			knownRegions = (
				en,
				Base,
			);
			mainGroup = F8AF1CBD26116704003054B8;
			productRefGroup = F8AF1CC726116704003054B8 /* Products */;
			projectDirPath = "";
			projectRoot = "";
			targets = (
				F8AF1CC526116704003054B8 /* MVCPatternTutorial-iOS */,
			);
		};
/* End PBXProject section */

/* Begin PBXResourcesBuildPhase section */
		F8AF1CC426116704003054B8 /* Resources */ = {
			isa = PBXResourcesBuildPhase;
			buildActionMask = 2147483647;
			files = (
				F8AF1CD626116705003054B8 /* LaunchScreen.storyboard in Resources */,
				F8AF1CD326116705003054B8 /* Assets.xcassets in Resources */,
				F8AF1CD126116704003054B8 /* Main.storyboard in Resources */,
			);
			runOnlyForDeploymentPostprocessing = 0;
		};
/* End PBXResourcesBuildPhase section */

/* Begin PBXSourcesBuildPhase section */
		F8AF1CC226116704003054B8 /* Sources */ = {
			isa = PBXSourcesBuildPhase;
			buildActionMask = 2147483647;
			files = (
				F8AF1CCE26116704003054B8 /* ViewController.swift in Sources */,
				F8AF1CCA26116704003054B8 /* AppDelegate.swift in Sources */,
				F8AF1CEA261171B1003054B8 /* Person.swift in Sources */,
				F8AF1CCC26116704003054B8 /* SceneDelegate.swift in Sources */,
				F8AF1CEF26117425003054B8 /* ExampleView.swift in Sources */,
			);
			runOnlyForDeploymentPostprocessing = 0;
		};
/* End PBXSourcesBuildPhase section */

/* Begin PBXVariantGroup section */
		F8AF1CCF26116704003054B8 /* Main.storyboard */ = {
			isa = PBXVariantGroup;
			children = (
				F8AF1CD026116704003054B8 /* Base */,
			);
			name = Main.storyboard;
			sourceTree = "<group>";
		};
		F8AF1CD426116705003054B8 /* LaunchScreen.storyboard */ = {
			isa = PBXVariantGroup;
			children = (
				F8AF1CD526116705003054B8 /* Base */,
			);
			name = LaunchScreen.storyboard;
			sourceTree = "<group>";
		};
/* End PBXVariantGroup section */

/* Begin XCBuildConfiguration section */
		F8AF1CD826116705003054B8 /* Debug */ = {
			isa = XCBuildConfiguration;
			buildSettings = {
				ALWAYS_SEARCH_USER_PATHS = NO;
				CLANG_ANALYZER_NONNULL = YES;
				CLANG_ANALYZER_NUMBER_OBJECT_CONVERSION = YES_AGGRESSIVE;
				CLANG_CXX_LANGUAGE_STANDARD = "gnu++14";
				CLANG_CXX_LIBRARY = "libc++";
				CLANG_ENABLE_MODULES = YES;
				CLANG_ENABLE_OBJC_ARC = YES;
				CLANG_ENABLE_OBJC_WEAK = YES;
				CLANG_WARN_BLOCK_CAPTURE_AUTORELEASING = YES;
				CLANG_WARN_BOOL_CONVERSION = YES;
				CLANG_WARN_COMMA = YES;
				CLANG_WARN_CONSTANT_CONVERSION = YES;
				CLANG_WARN_DEPRECATED_OBJC_IMPLEMENTATIONS = YES;
				CLANG_WARN_DIRECT_OBJC_ISA_USAGE = YES_ERROR;
				CLANG_WARN_DOCUMENTATION_COMMENTS = YES;
				CLANG_WARN_EMPTY_BODY = YES;
				CLANG_WARN_ENUM_CONVERSION = YES;
				CLANG_WARN_INFINITE_RECURSION = YES;
				CLANG_WARN_INT_CONVERSION = YES;
				CLANG_WARN_NON_LITERAL_NULL_CONVERSION = YES;
				CLANG_WARN_OBJC_IMPLICIT_RETAIN_SELF = YES;
				CLANG_WARN_OBJC_LITERAL_CONVERSION = YES;
				CLANG_WARN_OBJC_ROOT_CLASS = YES_ERROR;
				CLANG_WARN_QUOTED_INCLUDE_IN_FRAMEWORK_HEADER = YES;
				CLANG_WARN_RANGE_LOOP_ANALYSIS = YES;
				CLANG_WARN_STRICT_PROTOTYPES = YES;
				CLANG_WARN_SUSPICIOUS_MOVE = YES;
				CLANG_WARN_UNGUARDED_AVAILABILITY = YES_AGGRESSIVE;
				CLANG_WARN_UNREACHABLE_CODE = YES;
				CLANG_WARN__DUPLICATE_METHOD_MATCH = YES;
				COPY_PHASE_STRIP = NO;
				DEBUG_INFORMATION_FORMAT = dwarf;
				ENABLE_STRICT_OBJC_MSGSEND = YES;
				ENABLE_TESTABILITY = YES;
				GCC_C_LANGUAGE_STANDARD = gnu11;
				GCC_DYNAMIC_NO_PIC = NO;
				GCC_NO_COMMON_BLOCKS = YES;
				GCC_OPTIMIZATION_LEVEL = 0;
				GCC_PREPROCESSOR_DEFINITIONS = (
					"DEBUG=1",
					"$(inherited)",
				);
				GCC_WARN_64_TO_32_BIT_CONVERSION = YES;
				GCC_WARN_ABOUT_RETURN_TYPE = YES_ERROR;
				GCC_WARN_UNDECLARED_SELECTOR = YES;
				GCC_WARN_UNINITIALIZED_AUTOS = YES_AGGRESSIVE;
				GCC_WARN_UNUSED_FUNCTION = YES;
				GCC_WARN_UNUSED_VARIABLE = YES;
				IPHONEOS_DEPLOYMENT_TARGET = 14.4;
				MTL_ENABLE_DEBUG_INFO = INCLUDE_SOURCE;
				MTL_FAST_MATH = YES;
				ONLY_ACTIVE_ARCH = YES;
				SDKROOT = iphoneos;
				SWIFT_ACTIVE_COMPILATION_CONDITIONS = DEBUG;
				SWIFT_OPTIMIZATION_LEVEL = "-Onone";
			};
			name = Debug;
		};
		F8AF1CD926116705003054B8 /* Release */ = {
			isa = XCBuildConfiguration;
			buildSettings = {
				ALWAYS_SEARCH_USER_PATHS = NO;
				CLANG_ANALYZER_NONNULL = YES;
				CLANG_ANALYZER_NUMBER_OBJECT_CONVERSION = YES_AGGRESSIVE;
				CLANG_CXX_LANGUAGE_STANDARD = "gnu++14";
				CLANG_CXX_LIBRARY = "libc++";
				CLANG_ENABLE_MODULES = YES;
				CLANG_ENABLE_OBJC_ARC = YES;
				CLANG_ENABLE_OBJC_WEAK = YES;
				CLANG_WARN_BLOCK_CAPTURE_AUTORELEASING = YES;
				CLANG_WARN_BOOL_CONVERSION = YES;
				CLANG_WARN_COMMA = YES;
				CLANG_WARN_CONSTANT_CONVERSION = YES;
				CLANG_WARN_DEPRECATED_OBJC_IMPLEMENTATIONS = YES;
				CLANG_WARN_DIRECT_OBJC_ISA_USAGE = YES_ERROR;
				CLANG_WARN_DOCUMENTATION_COMMENTS = YES;
				CLANG_WARN_EMPTY_BODY = YES;
				CLANG_WARN_ENUM_CONVERSION = YES;
				CLANG_WARN_INFINITE_RECURSION = YES;
				CLANG_WARN_INT_CONVERSION = YES;
				CLANG_WARN_NON_LITERAL_NULL_CONVERSION = YES;
				CLANG_WARN_OBJC_IMPLICIT_RETAIN_SELF = YES;
				CLANG_WARN_OBJC_LITERAL_CONVERSION = YES;
				CLANG_WARN_OBJC_ROOT_CLASS = YES_ERROR;
				CLANG_WARN_QUOTED_INCLUDE_IN_FRAMEWORK_HEADER = YES;
				CLANG_WARN_RANGE_LOOP_ANALYSIS = YES;
				CLANG_WARN_STRICT_PROTOTYPES = YES;
				CLANG_WARN_SUSPICIOUS_MOVE = YES;
				CLANG_WARN_UNGUARDED_AVAILABILITY = YES_AGGRESSIVE;
				CLANG_WARN_UNREACHABLE_CODE = YES;
				CLANG_WARN__DUPLICATE_METHOD_MATCH = YES;
				COPY_PHASE_STRIP = NO;
				DEBUG_INFORMATION_FORMAT = "dwarf-with-dsym";
				ENABLE_NS_ASSERTIONS = NO;
				ENABLE_STRICT_OBJC_MSGSEND = YES;
				GCC_C_LANGUAGE_STANDARD = gnu11;
				GCC_NO_COMMON_BLOCKS = YES;
				GCC_WARN_64_TO_32_BIT_CONVERSION = YES;
				GCC_WARN_ABOUT_RETURN_TYPE = YES_ERROR;
				GCC_WARN_UNDECLARED_SELECTOR = YES;
				GCC_WARN_UNINITIALIZED_AUTOS = YES_AGGRESSIVE;
				GCC_WARN_UNUSED_FUNCTION = YES;
				GCC_WARN_UNUSED_VARIABLE = YES;
				IPHONEOS_DEPLOYMENT_TARGET = 14.4;
				MTL_ENABLE_DEBUG_INFO = NO;
				MTL_FAST_MATH = YES;
				SDKROOT = iphoneos;
				SWIFT_COMPILATION_MODE = wholemodule;
				SWIFT_OPTIMIZATION_LEVEL = "-O";
				VALIDATE_PRODUCT = YES;
			};
			name = Release;
		};
		F8AF1CDB26116705003054B8 /* Debug */ = {
			isa = XCBuildConfiguration;
			buildSettings = {
				ASSETCATALOG_COMPILER_APPICON_NAME = AppIcon;
				ASSETCATALOG_COMPILER_GLOBAL_ACCENT_COLOR_NAME = AccentColor;
				CODE_SIGN_STYLE = Automatic;
				DEVELOPMENT_TEAM = T8C9SSEX5G;
				INFOPLIST_FILE = "MVCPatternTutorial-iOS/Info.plist";
				LD_RUNPATH_SEARCH_PATHS = (
					"$(inherited)",
					"@executable_path/Frameworks",
				);
				PRODUCT_BUNDLE_IDENTIFIER = "hyun99999.MVCPatternTutorial-iOS";
				PRODUCT_NAME = "$(TARGET_NAME)";
				SWIFT_VERSION = 5.0;
				TARGETED_DEVICE_FAMILY = "1,2";
			};
			name = Debug;
		};
		F8AF1CDC26116705003054B8 /* Release */ = {
			isa = XCBuildConfiguration;
			buildSettings = {
				ASSETCATALOG_COMPILER_APPICON_NAME = AppIcon;
				ASSETCATALOG_COMPILER_GLOBAL_ACCENT_COLOR_NAME = AccentColor;
				CODE_SIGN_STYLE = Automatic;
				DEVELOPMENT_TEAM = T8C9SSEX5G;
				INFOPLIST_FILE = "MVCPatternTutorial-iOS/Info.plist";
				LD_RUNPATH_SEARCH_PATHS = (
					"$(inherited)",
					"@executable_path/Frameworks",
				);
				PRODUCT_BUNDLE_IDENTIFIER = "hyun99999.MVCPatternTutorial-iOS";
				PRODUCT_NAME = "$(TARGET_NAME)";
				SWIFT_VERSION = 5.0;
				TARGETED_DEVICE_FAMILY = "1,2";
			};
			name = Release;
		};
/* End XCBuildConfiguration section */

/* Begin XCConfigurationList section */
		F8AF1CC126116704003054B8 /* Build configuration list for PBXProject "MVCPatternTutorial-iOS" */ = {
			isa = XCConfigurationList;
			buildConfigurations = (
				F8AF1CD826116705003054B8 /* Debug */,
				F8AF1CD926116705003054B8 /* Release */,
			);
			defaultConfigurationIsVisible = 0;
			defaultConfigurationName = Release;
		};
		F8AF1CDA26116705003054B8 /* Build configuration list for PBXNativeTarget "MVCPatternTutorial-iOS" */ = {
			isa = XCConfigurationList;
			buildConfigurations = (
				F8AF1CDB26116705003054B8 /* Debug */,
				F8AF1CDC26116705003054B8 /* Release */,
			);
			defaultConfigurationIsVisible = 0;
			defaultConfigurationName = Release;
		};
/* End XCConfigurationList section */
	};
	rootObject = F8AF1CBE26116704003054B8 /* Project object */;
}
